// !$*UTF8*$!
{
	archiveVersion = 1;
	classes = {
	};
	objectVersion = 50;
	objects = {

/* Begin PBXBuildFile section */
		7A1C7654224284A600A03153 /* AppDelegate.swift in Sources */ = {isa = PBXBuildFile; fileRef = 7A1C7653224284A600A03153 /* AppDelegate.swift */; };
		7A1C7656224284A600A03153 /* ViewController.swift in Sources */ = {isa = PBXBuildFile; fileRef = 7A1C7655224284A600A03153 /* ViewController.swift */; };
		7A1C7659224284A600A03153 /* Main.storyboard in Resources */ = {isa = PBXBuildFile; fileRef = 7A1C7657224284A600A03153 /* Main.storyboard */; };
		7A1C765B224284A800A03153 /* Assets.xcassets in Resources */ = {isa = PBXBuildFile; fileRef = 7A1C765A224284A800A03153 /* Assets.xcassets */; };
		7A1C765E224284A800A03153 /* LaunchScreen.storyboard in Resources */ = {isa = PBXBuildFile; fileRef = 7A1C765C224284A800A03153 /* LaunchScreen.storyboard */; };
		7A1C76662242856C00A03153 /* ImageTableViewCell.swift in Sources */ = {isa = PBXBuildFile; fileRef = 7A1C76652242856C00A03153 /* ImageTableViewCell.swift */; };
		7A1C76682242858000A03153 /* ImageTableViewController.swift in Sources */ = {isa = PBXBuildFile; fileRef = 7A1C76672242858000A03153 /* ImageTableViewController.swift */; };
		7A1C766B2242870F00A03153 /* imageCoreData.xcdatamodeld in Sources */ = {isa = PBXBuildFile; fileRef = 7A1C76692242870F00A03153 /* imageCoreData.xcdatamodeld */; };
		7A1C766D2242878900A03153 /* CoreDataStack.swift in Sources */ = {isa = PBXBuildFile; fileRef = 7A1C766C2242878900A03153 /* CoreDataStack.swift */; };
		7A1C766F224287BF00A03153 /* Post+Convenience.swift in Sources */ = {isa = PBXBuildFile; fileRef = 7A1C766E224287BF00A03153 /* Post+Convenience.swift */; };
		7A1C76712242880F00A03153 /* PostController.swift in Sources */ = {isa = PBXBuildFile; fileRef = 7A1C76702242880F00A03153 /* PostController.swift */; };
/* End PBXBuildFile section */

/* Begin PBXFileReference section */
		7A11EAFE2243B15E00A26B02 /* imageCoreData 2.xcdatamodel */ = {isa = PBXFileReference; lastKnownFileType = wrapper.xcdatamodel; path = "imageCoreData 2.xcdatamodel"; sourceTree = "<group>"; };
		7A1C7650224284A600A03153 /* imageCoreData.app */ = {isa = PBXFileReference; explicitFileType = wrapper.application; includeInIndex = 0; path = imageCoreData.app; sourceTree = BUILT_PRODUCTS_DIR; };
		7A1C7653224284A600A03153 /* AppDelegate.swift */ = {isa = PBXFileReference; lastKnownFileType = sourcecode.swift; path = AppDelegate.swift; sourceTree = "<group>"; };
		7A1C7655224284A600A03153 /* ViewController.swift */ = {isa = PBXFileReference; lastKnownFileType = sourcecode.swift; path = ViewController.swift; sourceTree = "<group>"; };
		7A1C7658224284A600A03153 /* Base */ = {isa = PBXFileReference; lastKnownFileType = file.storyboard; name = Base; path = Base.lproj/Main.storyboard; sourceTree = "<group>"; };
		7A1C765A224284A800A03153 /* Assets.xcassets */ = {isa = PBXFileReference; lastKnownFileType = folder.assetcatalog; path = Assets.xcassets; sourceTree = "<group>"; };
		7A1C765D224284A800A03153 /* Base */ = {isa = PBXFileReference; lastKnownFileType = file.storyboard; name = Base; path = Base.lproj/LaunchScreen.storyboard; sourceTree = "<group>"; };
		7A1C765F224284A800A03153 /* Info.plist */ = {isa = PBXFileReference; lastKnownFileType = text.plist.xml; path = Info.plist; sourceTree = "<group>"; };
		7A1C76652242856C00A03153 /* ImageTableViewCell.swift */ = {isa = PBXFileReference; lastKnownFileType = sourcecode.swift; path = ImageTableViewCell.swift; sourceTree = "<group>"; };
		7A1C76672242858000A03153 /* ImageTableViewController.swift */ = {isa = PBXFileReference; lastKnownFileType = sourcecode.swift; path = ImageTableViewController.swift; sourceTree = "<group>"; };
		7A1C766A2242870F00A03153 /* imageCoreData.xcdatamodel */ = {isa = PBXFileReference; lastKnownFileType = wrapper.xcdatamodel; path = imageCoreData.xcdatamodel; sourceTree = "<group>"; };
		7A1C766C2242878900A03153 /* CoreDataStack.swift */ = {isa = PBXFileReference; lastKnownFileType = sourcecode.swift; path = CoreDataStack.swift; sourceTree = "<group>"; };
		7A1C766E224287BF00A03153 /* Post+Convenience.swift */ = {isa = PBXFileReference; lastKnownFileType = sourcecode.swift; path = "Post+Convenience.swift"; sourceTree = "<group>"; };
		7A1C76702242880F00A03153 /* PostController.swift */ = {isa = PBXFileReference; lastKnownFileType = sourcecode.swift; path = PostController.swift; sourceTree = "<group>"; };
/* End PBXFileReference section */

/* Begin PBXFrameworksBuildPhase section */
		7A1C764D224284A600A03153 /* Frameworks */ = {
			isa = PBXFrameworksBuildPhase;
			buildActionMask = 2147483647;
			files = (
			);
			runOnlyForDeploymentPostprocessing = 0;
		};
/* End PBXFrameworksBuildPhase section */

/* Begin PBXGroup section */
		7A11EAFA2243A8AD00A26B02 /* Model */ = {
			isa = PBXGroup;
			children = (
				7A1C76692242870F00A03153 /* imageCoreData.xcdatamodeld */,
			);
			path = Model;
			sourceTree = "<group>";
		};
		7A11EAFB2243A8B500A26B02 /* Model Controller */ = {
			isa = PBXGroup;
			children = (
				7A1C76702242880F00A03153 /* PostController.swift */,
			);
			path = "Model Controller";
			sourceTree = "<group>";
		};
		7A11EAFC2243A8C000A26B02 /* View Controllers */ = {
			isa = PBXGroup;
			children = (
				7A1C7655224284A600A03153 /* ViewController.swift */,
				7A1C76672242858000A03153 /* ImageTableViewController.swift */,
			);
			path = "View Controllers";
			sourceTree = "<group>";
		};
		7A11EAFD2243A8CA00A26B02 /* Views */ = {
			isa = PBXGroup;
			children = (
				7A1C76652242856C00A03153 /* ImageTableViewCell.swift */,
			);
			path = Views;
			sourceTree = "<group>";
		};
		7A1C7647224284A600A03153 = {
			isa = PBXGroup;
			children = (
				7A1C7652224284A600A03153 /* imageCoreData */,
				7A1C7651224284A600A03153 /* Products */,
			);
			sourceTree = "<group>";
		};
		7A1C7651224284A600A03153 /* Products */ = {
			isa = PBXGroup;
			children = (
				7A1C7650224284A600A03153 /* imageCoreData.app */,
			);
			name = Products;
			sourceTree = "<group>";
		};
		7A1C7652224284A600A03153 /* imageCoreData */ = {
			isa = PBXGroup;
			children = (
				7A1C7653224284A600A03153 /* AppDelegate.swift */,
				7A1C766C2242878900A03153 /* CoreDataStack.swift */,
				7A1C766E224287BF00A03153 /* Post+Convenience.swift */,
				7A11EAFA2243A8AD00A26B02 /* Model */,
				7A11EAFB2243A8B500A26B02 /* Model Controller */,
				7A11EAFD2243A8CA00A26B02 /* Views */,
				7A11EAFC2243A8C000A26B02 /* View Controllers */,
				7A1C7657224284A600A03153 /* Main.storyboard */,
				7A1C765A224284A800A03153 /* Assets.xcassets */,
				7A1C765C224284A800A03153 /* LaunchScreen.storyboard */,
				7A1C765F224284A800A03153 /* Info.plist */,
			);
			path = imageCoreData;
			sourceTree = "<group>";
		};
/* End PBXGroup section */

/* Begin PBXNativeTarget section */
		7A1C764F224284A600A03153 /* imageCoreData */ = {
			isa = PBXNativeTarget;
			buildConfigurationList = 7A1C7662224284A800A03153 /* Build configuration list for PBXNativeTarget "imageCoreData" */;
			buildPhases = (
				7A1C764C224284A600A03153 /* Sources */,
				7A1C764D224284A600A03153 /* Frameworks */,
				7A1C764E224284A600A03153 /* Resources */,
			);
			buildRules = (
			);
			dependencies = (
			);
			name = imageCoreData;
			productName = imageCoreData;
			productReference = 7A1C7650224284A600A03153 /* imageCoreData.app */;
			productType = "com.apple.product-type.application";
		};
/* End PBXNativeTarget section */

/* Begin PBXProject section */
		7A1C7648224284A600A03153 /* Project object */ = {
			isa = PBXProject;
			attributes = {
				LastSwiftUpdateCheck = 1010;
				LastUpgradeCheck = 1010;
				ORGANIZATIONNAME = "Nelson Gonzalez";
				TargetAttributes = {
					7A1C764F224284A600A03153 = {
						CreatedOnToolsVersion = 10.1;
					};
				};
			};
			buildConfigurationList = 7A1C764B224284A600A03153 /* Build configuration list for PBXProject "imageCoreData" */;
			compatibilityVersion = "Xcode 9.3";
			developmentRegion = en;
			hasScannedForEncodings = 0;
			knownRegions = (
				en,
				Base,
			);
			mainGroup = 7A1C7647224284A600A03153;
			productRefGroup = 7A1C7651224284A600A03153 /* Products */;
			projectDirPath = "";
			projectRoot = "";
			targets = (
				7A1C764F224284A600A03153 /* imageCoreData */,
			);
		};
/* End PBXProject section */

/* Begin PBXResourcesBuildPhase section */
		7A1C764E224284A600A03153 /* Resources */ = {
			isa = PBXResourcesBuildPhase;
			buildActionMask = 2147483647;
			files = (
				7A1C765E224284A800A03153 /* LaunchScreen.storyboard in Resources */,
				7A1C765B224284A800A03153 /* Assets.xcassets in Resources */,
				7A1C7659224284A600A03153 /* Main.storyboard in Resources */,
			);
			runOnlyForDeploymentPostprocessing = 0;
		};
/* End PBXResourcesBuildPhase section */

/* Begin PBXSourcesBuildPhase section */
		7A1C764C224284A600A03153 /* Sources */ = {
			isa = PBXSourcesBuildPhase;
			buildActionMask = 2147483647;
			files = (
				7A1C766F224287BF00A03153 /* Post+Convenience.swift in Sources */,
				7A1C76712242880F00A03153 /* PostController.swift in Sources */,
				7A1C76662242856C00A03153 /* ImageTableViewCell.swift in Sources */,
				7A1C766B2242870F00A03153 /* imageCoreData.xcdatamodeld in Sources */,
				7A1C7656224284A600A03153 /* ViewController.swift in Sources */,
				7A1C766D2242878900A03153 /* CoreDataStack.swift in Sources */,
				7A1C7654224284A600A03153 /* AppDelegate.swift in Sources */,
				7A1C76682242858000A03153 /* ImageTableViewController.swift in Sources */,
			);
			runOnlyForDeploymentPostprocessing = 0;
		};
/* End PBXSourcesBuildPhase section */

/* Begin PBXVariantGroup section */
		7A1C7657224284A600A03153 /* Main.storyboard */ = {
			isa = PBXVariantGroup;
			children = (
				7A1C7658224284A600A03153 /* Base */,
			);
			name = Main.storyboard;
			sourceTree = "<group>";
		};
		7A1C765C224284A800A03153 /* LaunchScreen.storyboard */ = {
			isa = PBXVariantGroup;
			children = (
				7A1C765D224284A800A03153 /* Base */,
			);
			name = LaunchScreen.storyboard;
			sourceTree = "<group>";
		};
/* End PBXVariantGroup section */

/* Begin XCBuildConfiguration section */
		7A1C7660224284A800A03153 /* Debug */ = {
			isa = XCBuildConfiguration;
			buildSettings = {
				ALWAYS_SEARCH_USER_PATHS = NO;
				CLANG_ANALYZER_NONNULL = YES;
				CLANG_ANALYZER_NUMBER_OBJECT_CONVERSION = YES_AGGRESSIVE;
				CLANG_CXX_LANGUAGE_STANDARD = "gnu++14";
				CLANG_CXX_LIBRARY = "libc++";
				CLANG_ENABLE_MODULES = YES;
				CLANG_ENABLE_OBJC_ARC = YES;
				CLANG_ENABLE_OBJC_WEAK = YES;
				CLANG_WARN_BLOCK_CAPTURE_AUTORELEASING = YES;
				CLANG_WARN_BOOL_CONVERSION = YES;
				CLANG_WARN_COMMA = YES;
				CLANG_WARN_CONSTANT_CONVERSION = YES;
				CLANG_WARN_DEPRECATED_OBJC_IMPLEMENTATIONS = YES;
				CLANG_WARN_DIRECT_OBJC_ISA_USAGE = YES_ERROR;
				CLANG_WARN_DOCUMENTATION_COMMENTS = YES;
				CLANG_WARN_EMPTY_BODY = YES;
				CLANG_WARN_ENUM_CONVERSION = YES;
				CLANG_WARN_INFINITE_RECURSION = YES;
				CLANG_WARN_INT_CONVERSION = YES;
				CLANG_WARN_NON_LITERAL_NULL_CONVERSION = YES;
				CLANG_WARN_OBJC_IMPLICIT_RETAIN_SELF = YES;
				CLANG_WARN_OBJC_LITERAL_CONVERSION = YES;
				CLANG_WARN_OBJC_ROOT_CLASS = YES_ERROR;
				CLANG_WARN_RANGE_LOOP_ANALYSIS = YES;
				CLANG_WARN_STRICT_PROTOTYPES = YES;
				CLANG_WARN_SUSPICIOUS_MOVE = YES;
				CLANG_WARN_UNGUARDED_AVAILABILITY = YES_AGGRESSIVE;
				CLANG_WARN_UNREACHABLE_CODE = YES;
				CLANG_WARN__DUPLICATE_METHOD_MATCH = YES;
				CODE_SIGN_IDENTITY = "iPhone Developer";
				COPY_PHASE_STRIP = NO;
				DEBUG_INFORMATION_FORMAT = dwarf;
				ENABLE_STRICT_OBJC_MSGSEND = YES;
				ENABLE_TESTABILITY = YES;
				GCC_C_LANGUAGE_STANDARD = gnu11;
				GCC_DYNAMIC_NO_PIC = NO;
				GCC_NO_COMMON_BLOCKS = YES;
				GCC_OPTIMIZATION_LEVEL = 0;
				GCC_PREPROCESSOR_DEFINITIONS = (
					"DEBUG=1",
					"$(inherited)",
				);
				GCC_WARN_64_TO_32_BIT_CONVERSION = YES;
				GCC_WARN_ABOUT_RETURN_TYPE = YES_ERROR;
				GCC_WARN_UNDECLARED_SELECTOR = YES;
				GCC_WARN_UNINITIALIZED_AUTOS = YES_AGGRESSIVE;
				GCC_WARN_UNUSED_FUNCTION = YES;
				GCC_WARN_UNUSED_VARIABLE = YES;
				IPHONEOS_DEPLOYMENT_TARGET = 12.1;
				MTL_ENABLE_DEBUG_INFO = INCLUDE_SOURCE;
				MTL_FAST_MATH = YES;
				ONLY_ACTIVE_ARCH = YES;
				SDKROOT = iphoneos;
				SWIFT_ACTIVE_COMPILATION_CONDITIONS = DEBUG;
				SWIFT_OPTIMIZATION_LEVEL = "-Onone";
			};
			name = Debug;
		};
		7A1C7661224284A800A03153 /* Release */ = {
			isa = XCBuildConfiguration;
			buildSettings = {
				ALWAYS_SEARCH_USER_PATHS = NO;
				CLANG_ANALYZER_NONNULL = YES;
				CLANG_ANALYZER_NUMBER_OBJECT_CONVERSION = YES_AGGRESSIVE;
				CLANG_CXX_LANGUAGE_STANDARD = "gnu++14";
				CLANG_CXX_LIBRARY = "libc++";
				CLANG_ENABLE_MODULES = YES;
				CLANG_ENABLE_OBJC_ARC = YES;
				CLANG_ENABLE_OBJC_WEAK = YES;
				CLANG_WARN_BLOCK_CAPTURE_AUTORELEASING = YES;
				CLANG_WARN_BOOL_CONVERSION = YES;
				CLANG_WARN_COMMA = YES;
				CLANG_WARN_CONSTANT_CONVERSION = YES;
				CLANG_WARN_DEPRECATED_OBJC_IMPLEMENTATIONS = YES;
				CLANG_WARN_DIRECT_OBJC_ISA_USAGE = YES_ERROR;
				CLANG_WARN_DOCUMENTATION_COMMENTS = YES;
				CLANG_WARN_EMPTY_BODY = YES;
				CLANG_WARN_ENUM_CONVERSION = YES;
				CLANG_WARN_INFINITE_RECURSION = YES;
				CLANG_WARN_INT_CONVERSION = YES;
				CLANG_WARN_NON_LITERAL_NULL_CONVERSION = YES;
				CLANG_WARN_OBJC_IMPLICIT_RETAIN_SELF = YES;
				CLANG_WARN_OBJC_LITERAL_CONVERSION = YES;
				CLANG_WARN_OBJC_ROOT_CLASS = YES_ERROR;
				CLANG_WARN_RANGE_LOOP_ANALYSIS = YES;
				CLANG_WARN_STRICT_PROTOTYPES = YES;
				CLANG_WARN_SUSPICIOUS_MOVE = YES;
				CLANG_WARN_UNGUARDED_AVAILABILITY = YES_AGGRESSIVE;
				CLANG_WARN_UNREACHABLE_CODE = YES;
				CLANG_WARN__DUPLICATE_METHOD_MATCH = YES;
				CODE_SIGN_IDENTITY = "iPhone Developer";
				COPY_PHASE_STRIP = NO;
				DEBUG_INFORMATION_FORMAT = "dwarf-with-dsym";
				ENABLE_NS_ASSERTIONS = NO;
				ENABLE_STRICT_OBJC_MSGSEND = YES;
				GCC_C_LANGUAGE_STANDARD = gnu11;
				GCC_NO_COMMON_BLOCKS = YES;
				GCC_WARN_64_TO_32_BIT_CONVERSION = YES;
				GCC_WARN_ABOUT_RETURN_TYPE = YES_ERROR;
				GCC_WARN_UNDECLARED_SELECTOR = YES;
				GCC_WARN_UNINITIALIZED_AUTOS = YES_AGGRESSIVE;
				GCC_WARN_UNUSED_FUNCTION = YES;
				GCC_WARN_UNUSED_VARIABLE = YES;
				IPHONEOS_DEPLOYMENT_TARGET = 12.1;
				MTL_ENABLE_DEBUG_INFO = NO;
				MTL_FAST_MATH = YES;
				SDKROOT = iphoneos;
				SWIFT_COMPILATION_MODE = wholemodule;
				SWIFT_OPTIMIZATION_LEVEL = "-O";
				VALIDATE_PRODUCT = YES;
			};
			name = Release;
		};
		7A1C7663224284A800A03153 /* Debug */ = {
			isa = XCBuildConfiguration;
			buildSettings = {
				ASSETCATALOG_COMPILER_APPICON_NAME = AppIcon;
				CODE_SIGN_STYLE = Automatic;
				DEVELOPMENT_TEAM = ZD9LN99SX6;
				INFOPLIST_FILE = imageCoreData/Info.plist;
				LD_RUNPATH_SEARCH_PATHS = (
					"$(inherited)",
					"@executable_path/Frameworks",
				);
				PRODUCT_BUNDLE_IDENTIFIER = com.nelsongonzalez.imageCoreData;
				PRODUCT_NAME = "$(TARGET_NAME)";
				SWIFT_VERSION = 4.2;
				TARGETED_DEVICE_FAMILY = "1,2";
			};
			name = Debug;
		};
		7A1C7664224284A800A03153 /* Release */ = {
			isa = XCBuildConfiguration;
			buildSettings = {
				ASSETCATALOG_COMPILER_APPICON_NAME = AppIcon;
				CODE_SIGN_STYLE = Automatic;
				DEVELOPMENT_TEAM = ZD9LN99SX6;
				INFOPLIST_FILE = imageCoreData/Info.plist;
				LD_RUNPATH_SEARCH_PATHS = (
					"$(inherited)",
					"@executable_path/Frameworks",
				);
				PRODUCT_BUNDLE_IDENTIFIER = com.nelsongonzalez.imageCoreData;
				PRODUCT_NAME = "$(TARGET_NAME)";
				SWIFT_VERSION = 4.2;
				TARGETED_DEVICE_FAMILY = "1,2";
			};
			name = Release;
		};
/* End XCBuildConfiguration section */

/* Begin XCConfigurationList section */
		7A1C764B224284A600A03153 /* Build configuration list for PBXProject "imageCoreData" */ = {
			isa = XCConfigurationList;
			buildConfigurations = (
				7A1C7660224284A800A03153 /* Debug */,
				7A1C7661224284A800A03153 /* Release */,
			);
			defaultConfigurationIsVisible = 0;
			defaultConfigurationName = Release;
		};
		7A1C7662224284A800A03153 /* Build configuration list for PBXNativeTarget "imageCoreData" */ = {
			isa = XCConfigurationList;
			buildConfigurations = (
				7A1C7663224284A800A03153 /* Debug */,
				7A1C7664224284A800A03153 /* Release */,
			);
			defaultConfigurationIsVisible = 0;
			defaultConfigurationName = Release;
		};
/* End XCConfigurationList section */

/* Begin XCVersionGroup section */
		7A1C76692242870F00A03153 /* imageCoreData.xcdatamodeld */ = {
			isa = XCVersionGroup;
			children = (
				7A11EAFE2243B15E00A26B02 /* imageCoreData 2.xcdatamodel */,
				7A1C766A2242870F00A03153 /* imageCoreData.xcdatamodel */,
			);
			currentVersion = 7A11EAFE2243B15E00A26B02 /* imageCoreData 2.xcdatamodel */;
			path = imageCoreData.xcdatamodeld;
			sourceTree = "<group>";
			versionGroupType = wrapper.xcdatamodel;
		};
/* End XCVersionGroup section */
	};
	rootObject = 7A1C7648224284A600A03153 /* Project object */;
}
